{
    "name": "@verbb/postie-screenshots",
    "lockfileVersion": 3,
    "requires": true,
    "packages": {
        "": {
            "name": "@verbb/postie-screenshots",
            "devDependencies": {
                "@verbb/craft-screenshots": "^1.0.0"
            }
        },
        "../../../../craft-screenshots/craft-screenshots": {
            "name": "@verbb/craft-screenshots",
            "version": "1.0.0",
            "dev": true,
            "license": "MIT",
            "dependencies": {
                "playwright": "^1.59.1",
                "sharp": "^0.35.4",
                "tsx": "^4.21.0"
            },
            "bin": {
                "verbb-craft-screenshots": "bin/verbb-craft-screenshots.mjs"
            },
            "devDependencies": {
                "@types/node": "^22.20.2",
                "typescript": "^7.0.2"
            }
        },
        "../../../../craft-screenshots/craft-screenshots/node_modules/@esbuild/darwin-arm64": {
            "version": "0.28.2",
            "cpu": [
                "arm64"
            ],
            "dev": true,
            "license": "MIT",
            "optional": true,
            "os": [
                "darwin"
            ],
            "engines": {
                "node": ">=18"
            }
        },
        "../../../../craft-screenshots/craft-screenshots/node_modules/@img/colour": {
            "version": "1.1.0",
            "dev": true,
            "license": "MIT",
            "engines": {
                "node": ">=18"
            }
        },
        "../../../../craft-screenshots/craft-screenshots/node_modules/@img/sharp-darwin-arm64": {
            "version": "0.35.4",
            "cpu": [
                "arm64"
            ],
            "dev": true,
            "license": "Apache-2.0",
            "optional": true,
            "os": [
                "darwin"
            ],
            "engines": {
                "node": ">=20.9.0"
            },
            "funding": {
                "url": "https://opencollective.com/libvips"
            },
            "optionalDependencies": {
                "@img/sharp-libvips-darwin-arm64": "1.3.3"
            }
        },
        "../../../../craft-screenshots/craft-screenshots/node_modules/@img/sharp-libvips-darwin-arm64": {
            "version": "1.3.3",
            "cpu": [
                "arm64"
            ],
            "dev": true,
            "license": "LGPL-3.0-or-later",
            "optional": true,
            "os": [
                "darwin"
            ],
            "funding": {
                "url": "https://opencollective.com/libvips"
            }
        },
        "../../../../craft-screenshots/craft-screenshots/node_modules/@types/node": {
            "version": "22.20.3",
            "dev": true,
            "license": "MIT",
            "dependencies": {
                "undici-types": "~6.21.0"
            }
        },
        "../../../../craft-screenshots/craft-screenshots/node_modules/@typescript/typescript-darwin-arm64": {
            "version": "7.0.2",
            "cpu": [
                "arm64"
            ],
            "dev": true,
            "license": "Apache-2.0",
            "optional": true,
            "os": [
                "darwin"
            ],
            "engines": {
                "node": ">=16.20.0"
            }
        },
        "../../../../craft-screenshots/craft-screenshots/node_modules/detect-libc": {
            "version": "2.1.2",
            "dev": true,
            "license": "Apache-2.0",
            "engines": {
                "node": ">=8"
            }
        },
        "../../../../craft-screenshots/craft-screenshots/node_modules/esbuild": {
            "version": "0.28.2",
            "dev": true,
            "hasInstallScript": true,
            "license": "MIT",
            "bin": {
                "esbuild": "bin/esbuild"
            },
            "engines": {
                "node": ">=18"
            },
            "optionalDependencies": {
                "@esbuild/aix-ppc64": "0.28.2",
                "@esbuild/android-arm": "0.28.2",
                "@esbuild/android-arm64": "0.28.2",
                "@esbuild/android-x64": "0.28.2",
                "@esbuild/darwin-arm64": "0.28.2",
                "@esbuild/darwin-x64": "0.28.2",
                "@esbuild/freebsd-arm64": "0.28.2",
                "@esbuild/freebsd-x64": "0.28.2",
                "@esbuild/linux-arm": "0.28.2",
                "@esbuild/linux-arm64": "0.28.2",
                "@esbuild/linux-ia32": "0.28.2",
                "@esbuild/linux-loong64": "0.28.2",
                "@esbuild/linux-mips64el": "0.28.2",
                "@esbuild/linux-ppc64": "0.28.2",
                "@esbuild/linux-riscv64": "0.28.2",
                "@esbuild/linux-s390x": "0.28.2",
                "@esbuild/linux-x64": "0.28.2",
                "@esbuild/netbsd-arm64": "0.28.2",
                "@esbuild/netbsd-x64": "0.28.2",
                "@esbuild/openbsd-arm64": "0.28.2",
                "@esbuild/openbsd-x64": "0.28.2",
                "@esbuild/openharmony-arm64": "0.28.2",
                "@esbuild/sunos-x64": "0.28.2",
                "@esbuild/win32-arm64": "0.28.2",
                "@esbuild/win32-ia32": "0.28.2",
                "@esbuild/win32-x64": "0.28.2"
            }
        },
        "../../../../craft-screenshots/craft-screenshots/node_modules/fsevents": {
            "version": "2.3.3",
            "dev": true,
            "license": "MIT",
            "optional": true,
            "os": [
                "darwin"
            ],
            "engines": {
                "node": "^8.16.0 || ^10.6.0 || >=11.0.0"
            }
        },
        "../../../../craft-screenshots/craft-screenshots/node_modules/playwright": {
            "version": "1.63.0",
            "dev": true,
            "license": "Apache-2.0",
            "dependencies": {
                "playwright-core": "1.63.0"
            },
            "bin": {
                "playwright": "cli.js"
            },
            "engines": {
                "node": ">=20"
            }
        },
        "../../../../craft-screenshots/craft-screenshots/node_modules/playwright-core": {
            "version": "1.63.0",
            "dev": true,
            "license": "Apache-2.0",
            "bin": {
                "playwright-core": "cli.js"
            },
            "engines": {
                "node": ">=20"
            }
        },
        "../../../../craft-screenshots/craft-screenshots/node_modules/semver": {
            "version": "7.8.5",
            "dev": true,
            "license": "ISC",
            "bin": {
                "semver": "bin/semver.js"
            },
            "engines": {
                "node": ">=10"
            }
        },
        "../../../../craft-screenshots/craft-screenshots/node_modules/sharp": {
            "version": "0.35.4",
            "dev": true,
            "license": "Apache-2.0",
            "dependencies": {
                "@img/colour": "^1.1.0",
                "detect-libc": "^2.1.2",
                "semver": "^7.8.5"
            },
            "engines": {
                "node": ">=20.9.0"
            },
            "funding": {
                "url": "https://opencollective.com/libvips"
            },
            "optionalDependencies": {
                "@img/sharp-darwin-arm64": "0.35.4",
                "@img/sharp-darwin-x64": "0.35.4",
                "@img/sharp-freebsd-wasm32": "0.35.4",
                "@img/sharp-libvips-darwin-arm64": "1.3.3",
                "@img/sharp-libvips-darwin-x64": "1.3.3",
                "@img/sharp-libvips-linux-arm": "1.3.3",
                "@img/sharp-libvips-linux-arm64": "1.3.3",
                "@img/sharp-libvips-linux-ppc64": "1.3.3",
                "@img/sharp-libvips-linux-riscv64": "1.3.3",
                "@img/sharp-libvips-linux-s390x": "1.3.3",
                "@img/sharp-libvips-linux-x64": "1.3.3",
                "@img/sharp-libvips-linuxmusl-arm64": "1.3.3",
                "@img/sharp-libvips-linuxmusl-x64": "1.3.3",
                "@img/sharp-linux-arm": "0.35.4",
                "@img/sharp-linux-arm64": "0.35.4",
                "@img/sharp-linux-ppc64": "0.35.4",
                "@img/sharp-linux-riscv64": "0.35.4",
                "@img/sharp-linux-s390x": "0.35.4",
                "@img/sharp-linux-x64": "0.35.4",
                "@img/sharp-linuxmusl-arm64": "0.35.4",
                "@img/sharp-linuxmusl-x64": "0.35.4",
                "@img/sharp-webcontainers-wasm32": "0.35.4",
                "@img/sharp-win32-arm64": "0.35.4",
                "@img/sharp-win32-ia32": "0.35.4",
                "@img/sharp-win32-x64": "0.35.4"
            },
            "peerDependenciesMeta": {
                "@types/node": {
                    "optional": true
                }
            }
        },
        "../../../../craft-screenshots/craft-screenshots/node_modules/tsx": {
            "version": "4.23.13",
            "dev": true,
            "license": "MIT",
            "dependencies": {
                "esbuild": "~0.28.0"
            },
            "bin": {
                "tsx": "dist/cli.mjs"
            },
            "engines": {
                "node": ">=18.0.0"
            },
            "optionalDependencies": {
                "fsevents": "~2.3.3"
            }
        },
        "../../../../craft-screenshots/craft-screenshots/node_modules/typescript": {
            "version": "7.0.2",
            "dev": true,
            "license": "Apache-2.0",
            "bin": {
                "tsc": "bin/tsc"
            },
            "engines": {
                "node": ">=16.20.0"
            },
            "optionalDependencies": {
                "@typescript/typescript-aix-ppc64": "7.0.2",
                "@typescript/typescript-darwin-arm64": "7.0.2",
                "@typescript/typescript-darwin-x64": "7.0.2",
                "@typescript/typescript-freebsd-arm64": "7.0.2",
                "@typescript/typescript-freebsd-x64": "7.0.2",
                "@typescript/typescript-linux-arm": "7.0.2",
                "@typescript/typescript-linux-arm64": "7.0.2",
                "@typescript/typescript-linux-loong64": "7.0.2",
                "@typescript/typescript-linux-mips64el": "7.0.2",
                "@typescript/typescript-linux-ppc64": "7.0.2",
                "@typescript/typescript-linux-riscv64": "7.0.2",
                "@typescript/typescript-linux-s390x": "7.0.2",
                "@typescript/typescript-linux-x64": "7.0.2",
                "@typescript/typescript-netbsd-arm64": "7.0.2",
                "@typescript/typescript-netbsd-x64": "7.0.2",
                "@typescript/typescript-openbsd-arm64": "7.0.2",
                "@typescript/typescript-openbsd-x64": "7.0.2",
                "@typescript/typescript-sunos-x64": "7.0.2",
                "@typescript/typescript-win32-arm64": "7.0.2",
                "@typescript/typescript-win32-x64": "7.0.2"
            }
        },
        "../../../../craft-screenshots/craft-screenshots/node_modules/undici-types": {
            "version": "6.21.0",
            "dev": true,
            "license": "MIT"
        },
        "node_modules/@verbb/craft-screenshots": {
            "resolved": "../../../../craft-screenshots/craft-screenshots",
            "link": true
        }
    }
}
